
Microsoft Visual Studio Solution File, Format Version 9.00
# Visual Studio 2005
Project("{8BC9CEB8-8B4A-11D0-8D11-00A0C91BC942}") = "SoftwareController", "SoftwareController\SoftwareController.vcproj", "{F01BA2B5-938B-4E89-AF12-5EF85BE8CD85}"
EndProject
Global
	GlobalSection(SolutionConfigurationPlatforms) = preSolution
		Debug|Win32 = Debug|Win32
		Release|Win32 = Release|Win32
	EndGlobalSection
	GlobalSection(ProjectConfigurationPlatforms) = postSolution
		{F01BA2B5-938B-4E89-AF12-5EF85BE8CD85}.Debug|Win32.ActiveCfg = Debug|Win32
		{F01BA2B5-938B-4E89-AF12-5EF85BE8CD85}.Debug|Win32.Build.0 = Debug|Win32
		{F01BA2B5-938B-4E89-AF12-5EF85BE8CD85}.Release|Win32.ActiveCfg = Release|Win32
		{F01BA2B5-938B-4E89-AF12-5EF85BE8CD85}.Release|Win32.Build.0 = Release|Win32
	EndGlobalSection
	GlobalSection(SolutionProperties) = preSolution
		HideSolutionNode = FALSE
	EndGlobalSection
EndGlobal
